{
  "nodes": {
    "nixpkgs": {
      "locked": {
        "lastModified": 1735592396,
        "narHash": "sha256-63pYC0dqKz/trZy8QHWjGvZvr8dra3wjPaHtVHp0Ha0=",
        "owner": "NixOS",
        "repo": "nixpkgs",
        "rev": "5543e3088edec933c983b4d6d954a3669ef11e24",
        "type": "github"
      },
      "original": {
        "owner": "NixOS",
        "repo": "nixpkgs",
        "type": "github"
      }
    },
    "root": {
      "inputs": {
        "nixpkgs": "nixpkgs"
      }
    }
  },
  "root": "root",
  "version": 7
}
