{
  "nodes": {
    "nixpkgs": {
      "locked": {
        "lastModified": 1735574741,
        "narHash": "sha256-xlcbIJiBqVfS0e29Fq+AXSJkQsAzEXonIZbGRqv+27I=",
        "owner": "NixOS",
        "repo": "nixpkgs",
        "rev": "3be90b9f3ac249c7fad58d9a6c89eff708223394",
        "type": "github"
      },
      "original": {
        "owner": "NixOS",
        "repo": "nixpkgs",
        "type": "github"
      }
    },
    "root": {
      "inputs": {
        "nixpkgs": "nixpkgs"
      }
    }
  },
  "root": "root",
  "version": 7
}
